
Microsoft Visual Studio Solution File, Format Version 12.00
# Visual Studio 2013
VisualStudioVersion = 12.0.30723.0
MinimumVisualStudioVersion = 10.0.40219.1
Project("{FAE04EC0-301F-11D3-BF4B-00C04F79EFBC}") = "Zenject", "..\UnityProject\Assets\Zenject\Main\Scripts\Zenject.csproj", "{46F25A62-2E29-48CB-95F3-BDBCB0976DDC}"
EndProject
Project("{FAE04EC0-301F-11D3-BF4B-00C04F79EFBC}") = "Zenject-editor", "..\UnityProject\Assets\Zenject\Main\Editor\Zenject-editor.csproj", "{B71F2201-3382-46B3-A9C6-219A72954905}"
EndProject
Project("{FAE04EC0-301F-11D3-BF4B-00C04F79EFBC}") = "Zenject-tests", "..\UnityProject\Assets\Zenject\Extras\ZenjectUnitTests\Editor\Zenject-tests.csproj", "{34E27462-3046-4DC7-A7FA-45E4F4F7D413}"
EndProject
Project("{FAE04EC0-301F-11D3-BF4B-00C04F79EFBC}") = "Zenject_WSA", "Zenject_WSA\Zenject_WSA.csproj", "{3B8BF83B-5A6F-4F6C-9314-4784B7205023}"
EndProject
Project("{FAE04EC0-301F-11D3-BF4B-00C04F79EFBC}") = "Zenject-editor_WSA", "Zenject-editor_WSA\Zenject-editor_WSA.csproj", "{FADBB172-4ADB-4E2C-976B-06934E234733}"
EndProject
Global
	GlobalSection(SolutionConfigurationPlatforms) = preSolution
		Debug|Any CPU = Debug|Any CPU
		Debug|ARM = Debug|ARM
		Debug|x64 = Debug|x64
		Debug|x86 = Debug|x86
		Not Unity Debug|Any CPU = Not Unity Debug|Any CPU
		Not Unity Debug|ARM = Not Unity Debug|ARM
		Not Unity Debug|x64 = Not Unity Debug|x64
		Not Unity Debug|x86 = Not Unity Debug|x86
		Not Unity Release|Any CPU = Not Unity Release|Any CPU
		Not Unity Release|ARM = Not Unity Release|ARM
		Not Unity Release|x64 = Not Unity Release|x64
		Not Unity Release|x86 = Not Unity Release|x86
		Release|Any CPU = Release|Any CPU
		Release|ARM = Release|ARM
		Release|x64 = Release|x64
		Release|x86 = Release|x86
	EndGlobalSection
	GlobalSection(ProjectConfigurationPlatforms) = postSolution
		{46F25A62-2E29-48CB-95F3-BDBCB0976DDC}.Debug|Any CPU.ActiveCfg = Debug|Any CPU
		{46F25A62-2E29-48CB-95F3-BDBCB0976DDC}.Debug|Any CPU.Build.0 = Debug|Any CPU
		{46F25A62-2E29-48CB-95F3-BDBCB0976DDC}.Debug|ARM.ActiveCfg = Debug|Any CPU
		{46F25A62-2E29-48CB-95F3-BDBCB0976DDC}.Debug|x64.ActiveCfg = Debug|Any CPU
		{46F25A62-2E29-48CB-95F3-BDBCB0976DDC}.Debug|x86.ActiveCfg = Debug|Any CPU
		{46F25A62-2E29-48CB-95F3-BDBCB0976DDC}.Not Unity Debug|Any CPU.ActiveCfg = Not Unity Debug|Any CPU
		{46F25A62-2E29-48CB-95F3-BDBCB0976DDC}.Not Unity Debug|Any CPU.Build.0 = Not Unity Debug|Any CPU
		{46F25A62-2E29-48CB-95F3-BDBCB0976DDC}.Not Unity Debug|ARM.ActiveCfg = Not Unity Debug|Any CPU
		{46F25A62-2E29-48CB-95F3-BDBCB0976DDC}.Not Unity Debug|x64.ActiveCfg = Not Unity Debug|Any CPU
		{46F25A62-2E29-48CB-95F3-BDBCB0976DDC}.Not Unity Debug|x86.ActiveCfg = Not Unity Debug|Any CPU
		{46F25A62-2E29-48CB-95F3-BDBCB0976DDC}.Not Unity Release|Any CPU.ActiveCfg = Not Unity Release|Any CPU
		{46F25A62-2E29-48CB-95F3-BDBCB0976DDC}.Not Unity Release|Any CPU.Build.0 = Not Unity Release|Any CPU
		{46F25A62-2E29-48CB-95F3-BDBCB0976DDC}.Not Unity Release|ARM.ActiveCfg = Not Unity Release|Any CPU
		{46F25A62-2E29-48CB-95F3-BDBCB0976DDC}.Not Unity Release|x64.ActiveCfg = Not Unity Release|Any CPU
		{46F25A62-2E29-48CB-95F3-BDBCB0976DDC}.Not Unity Release|x86.ActiveCfg = Not Unity Release|Any CPU
		{46F25A62-2E29-48CB-95F3-BDBCB0976DDC}.Release|Any CPU.ActiveCfg = Release|Any CPU
		{46F25A62-2E29-48CB-95F3-BDBCB0976DDC}.Release|Any CPU.Build.0 = Release|Any CPU
		{46F25A62-2E29-48CB-95F3-BDBCB0976DDC}.Release|ARM.ActiveCfg = Release|Any CPU
		{46F25A62-2E29-48CB-95F3-BDBCB0976DDC}.Release|x64.ActiveCfg = Release|Any CPU
		{46F25A62-2E29-48CB-95F3-BDBCB0976DDC}.Release|x86.ActiveCfg = Release|Any CPU
		{B71F2201-3382-46B3-A9C6-219A72954905}.Debug|Any CPU.ActiveCfg = Debug|Any CPU
		{B71F2201-3382-46B3-A9C6-219A72954905}.Debug|Any CPU.Build.0 = Debug|Any CPU
		{B71F2201-3382-46B3-A9C6-219A72954905}.Debug|ARM.ActiveCfg = Debug|Any CPU
		{B71F2201-3382-46B3-A9C6-219A72954905}.Debug|x64.ActiveCfg = Debug|Any CPU
		{B71F2201-3382-46B3-A9C6-219A72954905}.Debug|x86.ActiveCfg = Debug|Any CPU
		{B71F2201-3382-46B3-A9C6-219A72954905}.Not Unity Debug|Any CPU.ActiveCfg = Debug|Any CPU
		{B71F2201-3382-46B3-A9C6-219A72954905}.Not Unity Debug|Any CPU.Build.0 = Debug|Any CPU
		{B71F2201-3382-46B3-A9C6-219A72954905}.Not Unity Debug|ARM.ActiveCfg = Debug|Any CPU
		{B71F2201-3382-46B3-A9C6-219A72954905}.Not Unity Debug|x64.ActiveCfg = Debug|Any CPU
		{B71F2201-3382-46B3-A9C6-219A72954905}.Not Unity Debug|x86.ActiveCfg = Debug|Any CPU
		{B71F2201-3382-46B3-A9C6-219A72954905}.Not Unity Release|Any CPU.ActiveCfg = Release|Any CPU
		{B71F2201-3382-46B3-A9C6-219A72954905}.Not Unity Release|Any CPU.Build.0 = Release|Any CPU
		{B71F2201-3382-46B3-A9C6-219A72954905}.Not Unity Release|ARM.ActiveCfg = Release|Any CPU
		{B71F2201-3382-46B3-A9C6-219A72954905}.Not Unity Release|x64.ActiveCfg = Release|Any CPU
		{B71F2201-3382-46B3-A9C6-219A72954905}.Not Unity Release|x86.ActiveCfg = Release|Any CPU
		{B71F2201-3382-46B3-A9C6-219A72954905}.Release|Any CPU.ActiveCfg = Release|Any CPU
		{B71F2201-3382-46B3-A9C6-219A72954905}.Release|Any CPU.Build.0 = Release|Any CPU
		{B71F2201-3382-46B3-A9C6-219A72954905}.Release|ARM.ActiveCfg = Release|Any CPU
		{B71F2201-3382-46B3-A9C6-219A72954905}.Release|x64.ActiveCfg = Release|Any CPU
		{B71F2201-3382-46B3-A9C6-219A72954905}.Release|x86.ActiveCfg = Release|Any CPU
		{34E27462-3046-4DC7-A7FA-45E4F4F7D413}.Debug|Any CPU.ActiveCfg = Debug|Any CPU
		{34E27462-3046-4DC7-A7FA-45E4F4F7D413}.Debug|Any CPU.Build.0 = Debug|Any CPU
		{34E27462-3046-4DC7-A7FA-45E4F4F7D413}.Debug|ARM.ActiveCfg = Debug|Any CPU
		{34E27462-3046-4DC7-A7FA-45E4F4F7D413}.Debug|x64.ActiveCfg = Debug|Any CPU
		{34E27462-3046-4DC7-A7FA-45E4F4F7D413}.Debug|x86.ActiveCfg = Debug|Any CPU
		{34E27462-3046-4DC7-A7FA-45E4F4F7D413}.Not Unity Debug|Any CPU.ActiveCfg = Not Unity Debug|Any CPU
		{34E27462-3046-4DC7-A7FA-45E4F4F7D413}.Not Unity Debug|Any CPU.Build.0 = Not Unity Debug|Any CPU
		{34E27462-3046-4DC7-A7FA-45E4F4F7D413}.Not Unity Debug|ARM.ActiveCfg = Not Unity Debug|Any CPU
		{34E27462-3046-4DC7-A7FA-45E4F4F7D413}.Not Unity Debug|x64.ActiveCfg = Not Unity Debug|Any CPU
		{34E27462-3046-4DC7-A7FA-45E4F4F7D413}.Not Unity Debug|x86.ActiveCfg = Not Unity Debug|Any CPU
		{34E27462-3046-4DC7-A7FA-45E4F4F7D413}.Not Unity Release|Any CPU.ActiveCfg = Not Unity Release|Any CPU
		{34E27462-3046-4DC7-A7FA-45E4F4F7D413}.Not Unity Release|Any CPU.Build.0 = Not Unity Release|Any CPU
		{34E27462-3046-4DC7-A7FA-45E4F4F7D413}.Not Unity Release|ARM.ActiveCfg = Not Unity Release|Any CPU
		{34E27462-3046-4DC7-A7FA-45E4F4F7D413}.Not Unity Release|x64.ActiveCfg = Not Unity Release|Any CPU
		{34E27462-3046-4DC7-A7FA-45E4F4F7D413}.Not Unity Release|x86.ActiveCfg = Not Unity Release|Any CPU
		{34E27462-3046-4DC7-A7FA-45E4F4F7D413}.Release|Any CPU.ActiveCfg = Release|Any CPU
		{34E27462-3046-4DC7-A7FA-45E4F4F7D413}.Release|Any CPU.Build.0 = Release|Any CPU
		{34E27462-3046-4DC7-A7FA-45E4F4F7D413}.Release|ARM.ActiveCfg = Release|Any CPU
		{34E27462-3046-4DC7-A7FA-45E4F4F7D413}.Release|x64.ActiveCfg = Release|Any CPU
		{34E27462-3046-4DC7-A7FA-45E4F4F7D413}.Release|x86.ActiveCfg = Release|Any CPU
		{3B8BF83B-5A6F-4F6C-9314-4784B7205023}.Debug|Any CPU.ActiveCfg = Debug|Any CPU
		{3B8BF83B-5A6F-4F6C-9314-4784B7205023}.Debug|Any CPU.Build.0 = Debug|Any CPU
		{3B8BF83B-5A6F-4F6C-9314-4784B7205023}.Debug|ARM.ActiveCfg = Debug|ARM
		{3B8BF83B-5A6F-4F6C-9314-4784B7205023}.Debug|ARM.Build.0 = Debug|ARM
		{3B8BF83B-5A6F-4F6C-9314-4784B7205023}.Debug|x64.ActiveCfg = Debug|x64
		{3B8BF83B-5A6F-4F6C-9314-4784B7205023}.Debug|x64.Build.0 = Debug|x64
		{3B8BF83B-5A6F-4F6C-9314-4784B7205023}.Debug|x86.ActiveCfg = Debug|x86
		{3B8BF83B-5A6F-4F6C-9314-4784B7205023}.Debug|x86.Build.0 = Debug|x86
		{3B8BF83B-5A6F-4F6C-9314-4784B7205023}.Not Unity Debug|Any CPU.ActiveCfg = Debug|Any CPU
		{3B8BF83B-5A6F-4F6C-9314-4784B7205023}.Not Unity Debug|Any CPU.Build.0 = Debug|Any CPU
		{3B8BF83B-5A6F-4F6C-9314-4784B7205023}.Not Unity Debug|ARM.ActiveCfg = Debug|ARM
		{3B8BF83B-5A6F-4F6C-9314-4784B7205023}.Not Unity Debug|ARM.Build.0 = Debug|ARM
		{3B8BF83B-5A6F-4F6C-9314-4784B7205023}.Not Unity Debug|x64.ActiveCfg = Debug|x64
		{3B8BF83B-5A6F-4F6C-9314-4784B7205023}.Not Unity Debug|x64.Build.0 = Debug|x64
		{3B8BF83B-5A6F-4F6C-9314-4784B7205023}.Not Unity Debug|x86.ActiveCfg = Debug|x86
		{3B8BF83B-5A6F-4F6C-9314-4784B7205023}.Not Unity Debug|x86.Build.0 = Debug|x86
		{3B8BF83B-5A6F-4F6C-9314-4784B7205023}.Not Unity Release|Any CPU.ActiveCfg = Release|Any CPU
		{3B8BF83B-5A6F-4F6C-9314-4784B7205023}.Not Unity Release|Any CPU.Build.0 = Release|Any CPU
		{3B8BF83B-5A6F-4F6C-9314-4784B7205023}.Not Unity Release|ARM.ActiveCfg = Release|ARM
		{3B8BF83B-5A6F-4F6C-9314-4784B7205023}.Not Unity Release|ARM.Build.0 = Release|ARM
		{3B8BF83B-5A6F-4F6C-9314-4784B7205023}.Not Unity Release|x64.ActiveCfg = Release|x64
		{3B8BF83B-5A6F-4F6C-9314-4784B7205023}.Not Unity Release|x64.Build.0 = Release|x64
		{3B8BF83B-5A6F-4F6C-9314-4784B7205023}.Not Unity Release|x86.ActiveCfg = Release|x86
		{3B8BF83B-5A6F-4F6C-9314-4784B7205023}.Not Unity Release|x86.Build.0 = Release|x86
		{3B8BF83B-5A6F-4F6C-9314-4784B7205023}.Release|Any CPU.ActiveCfg = Release|Any CPU
		{3B8BF83B-5A6F-4F6C-9314-4784B7205023}.Release|Any CPU.Build.0 = Release|Any CPU
		{3B8BF83B-5A6F-4F6C-9314-4784B7205023}.Release|ARM.ActiveCfg = Release|ARM
		{3B8BF83B-5A6F-4F6C-9314-4784B7205023}.Release|ARM.Build.0 = Release|ARM
		{3B8BF83B-5A6F-4F6C-9314-4784B7205023}.Release|x64.ActiveCfg = Release|x64
		{3B8BF83B-5A6F-4F6C-9314-4784B7205023}.Release|x64.Build.0 = Release|x64
		{3B8BF83B-5A6F-4F6C-9314-4784B7205023}.Release|x86.ActiveCfg = Release|x86
		{3B8BF83B-5A6F-4F6C-9314-4784B7205023}.Release|x86.Build.0 = Release|x86
		{FADBB172-4ADB-4E2C-976B-06934E234733}.Debug|Any CPU.ActiveCfg = Debug|Any CPU
		{FADBB172-4ADB-4E2C-976B-06934E234733}.Debug|Any CPU.Build.0 = Debug|Any CPU
		{FADBB172-4ADB-4E2C-976B-06934E234733}.Debug|ARM.ActiveCfg = Debug|ARM
		{FADBB172-4ADB-4E2C-976B-06934E234733}.Debug|ARM.Build.0 = Debug|ARM
		{FADBB172-4ADB-4E2C-976B-06934E234733}.Debug|x64.ActiveCfg = Debug|x64
		{FADBB172-4ADB-4E2C-976B-06934E234733}.Debug|x64.Build.0 = Debug|x64
		{FADBB172-4ADB-4E2C-976B-06934E234733}.Debug|x86.ActiveCfg = Debug|x86
		{FADBB172-4ADB-4E2C-976B-06934E234733}.Debug|x86.Build.0 = Debug|x86
		{FADBB172-4ADB-4E2C-976B-06934E234733}.Not Unity Debug|Any CPU.ActiveCfg = Debug|Any CPU
		{FADBB172-4ADB-4E2C-976B-06934E234733}.Not Unity Debug|Any CPU.Build.0 = Debug|Any CPU
		{FADBB172-4ADB-4E2C-976B-06934E234733}.Not Unity Debug|ARM.ActiveCfg = Debug|ARM
		{FADBB172-4ADB-4E2C-976B-06934E234733}.Not Unity Debug|ARM.Build.0 = Debug|ARM
		{FADBB172-4ADB-4E2C-976B-06934E234733}.Not Unity Debug|x64.ActiveCfg = Debug|x64
		{FADBB172-4ADB-4E2C-976B-06934E234733}.Not Unity Debug|x64.Build.0 = Debug|x64
		{FADBB172-4ADB-4E2C-976B-06934E234733}.Not Unity Debug|x86.ActiveCfg = Debug|x86
		{FADBB172-4ADB-4E2C-976B-06934E234733}.Not Unity Debug|x86.Build.0 = Debug|x86
		{FADBB172-4ADB-4E2C-976B-06934E234733}.Not Unity Release|Any CPU.ActiveCfg = Release|Any CPU
		{FADBB172-4ADB-4E2C-976B-06934E234733}.Not Unity Release|Any CPU.Build.0 = Release|Any CPU
		{FADBB172-4ADB-4E2C-976B-06934E234733}.Not Unity Release|ARM.ActiveCfg = Release|ARM
		{FADBB172-4ADB-4E2C-976B-06934E234733}.Not Unity Release|ARM.Build.0 = Release|ARM
		{FADBB172-4ADB-4E2C-976B-06934E234733}.Not Unity Release|x64.ActiveCfg = Release|x64
		{FADBB172-4ADB-4E2C-976B-06934E234733}.Not Unity Release|x64.Build.0 = Release|x64
		{FADBB172-4ADB-4E2C-976B-06934E234733}.Not Unity Release|x86.ActiveCfg = Release|x86
		{FADBB172-4ADB-4E2C-976B-06934E234733}.Not Unity Release|x86.Build.0 = Release|x86
		{FADBB172-4ADB-4E2C-976B-06934E234733}.Release|Any CPU.ActiveCfg = Release|Any CPU
		{FADBB172-4ADB-4E2C-976B-06934E234733}.Release|Any CPU.Build.0 = Release|Any CPU
		{FADBB172-4ADB-4E2C-976B-06934E234733}.Release|ARM.ActiveCfg = Release|ARM
		{FADBB172-4ADB-4E2C-976B-06934E234733}.Release|ARM.Build.0 = Release|ARM
		{FADBB172-4ADB-4E2C-976B-06934E234733}.Release|x64.ActiveCfg = Release|x64
		{FADBB172-4ADB-4E2C-976B-06934E234733}.Release|x64.Build.0 = Release|x64
		{FADBB172-4ADB-4E2C-976B-06934E234733}.Release|x86.ActiveCfg = Release|x86
		{FADBB172-4ADB-4E2C-976B-06934E234733}.Release|x86.Build.0 = Release|x86
	EndGlobalSection
	GlobalSection(SolutionProperties) = preSolution
		HideSolutionNode = FALSE
	EndGlobalSection
EndGlobal
